// !$*UTF8*$!
{
	archiveVersion = 1;
	classes = {
	};
	objectVersion = 50;
	objects = {

/* Begin PBXBuildFile section */
		7D0143422139898E00D37BC7 /* AppDelegate.swift in Sources */ = {isa = PBXBuildFile; fileRef = 7D0143412139898E00D37BC7 /* AppDelegate.swift */; };
		7D0143442139898E00D37BC7 /* ViewController.swift in Sources */ = {isa = PBXBuildFile; fileRef = 7D0143432139898E00D37BC7 /* ViewController.swift */; };
		7D0143472139898E00D37BC7 /* Main.storyboard in Resources */ = {isa = PBXBuildFile; fileRef = 7D0143452139898E00D37BC7 /* Main.storyboard */; };
		7D0143492139898E00D37BC7 /* Assets.xcassets in Resources */ = {isa = PBXBuildFile; fileRef = 7D0143482139898E00D37BC7 /* Assets.xcassets */; };
		7D01434C2139898E00D37BC7 /* LaunchScreen.storyboard in Resources */ = {isa = PBXBuildFile; fileRef = 7D01434A2139898E00D37BC7 /* LaunchScreen.storyboard */; };
		7D0143572139898F00D37BC7 /* AnagramAppTests.swift in Sources */ = {isa = PBXBuildFile; fileRef = 7D0143562139898F00D37BC7 /* AnagramAppTests.swift */; };
		7D0143622139898F00D37BC7 /* AnagramAppUITests.swift in Sources */ = {isa = PBXBuildFile; fileRef = 7D0143612139898F00D37BC7 /* AnagramAppUITests.swift */; };
/* End PBXBuildFile section */

/* Begin PBXContainerItemProxy section */
		7D0143532139898F00D37BC7 /* PBXContainerItemProxy */ = {
			isa = PBXContainerItemProxy;
			containerPortal = 7D0143362139898E00D37BC7 /* Project object */;
			proxyType = 1;
			remoteGlobalIDString = 7D01433D2139898E00D37BC7;
			remoteInfo = AnagramApp;
		};
		7D01435E2139898F00D37BC7 /* PBXContainerItemProxy */ = {
			isa = PBXContainerItemProxy;
			containerPortal = 7D0143362139898E00D37BC7 /* Project object */;
			proxyType = 1;
			remoteGlobalIDString = 7D01433D2139898E00D37BC7;
			remoteInfo = AnagramApp;
		};
/* End PBXContainerItemProxy section */

/* Begin PBXFileReference section */
		7D01433E2139898E00D37BC7 /* AnagramApp.app */ = {isa = PBXFileReference; explicitFileType = wrapper.application; includeInIndex = 0; path = AnagramApp.app; sourceTree = BUILT_PRODUCTS_DIR; };
		7D0143412139898E00D37BC7 /* AppDelegate.swift */ = {isa = PBXFileReference; lastKnownFileType = sourcecode.swift; path = AppDelegate.swift; sourceTree = "<group>"; };
		7D0143432139898E00D37BC7 /* ViewController.swift */ = {isa = PBXFileReference; lastKnownFileType = sourcecode.swift; path = ViewController.swift; sourceTree = "<group>"; };
		7D0143462139898E00D37BC7 /* Base */ = {isa = PBXFileReference; lastKnownFileType = file.storyboard; name = Base; path = Base.lproj/Main.storyboard; sourceTree = "<group>"; };
		7D0143482139898E00D37BC7 /* Assets.xcassets */ = {isa = PBXFileReference; lastKnownFileType = folder.assetcatalog; path = Assets.xcassets; sourceTree = "<group>"; };
		7D01434B2139898E00D37BC7 /* Base */ = {isa = PBXFileReference; lastKnownFileType = file.storyboard; name = Base; path = Base.lproj/LaunchScreen.storyboard; sourceTree = "<group>"; };
		7D01434D2139898E00D37BC7 /* Info.plist */ = {isa = PBXFileReference; lastKnownFileType = text.plist.xml; path = Info.plist; sourceTree = "<group>"; };
		7D0143522139898F00D37BC7 /* AnagramAppTests.xctest */ = {isa = PBXFileReference; explicitFileType = wrapper.cfbundle; includeInIndex = 0; path = AnagramAppTests.xctest; sourceTree = BUILT_PRODUCTS_DIR; };
		7D0143562139898F00D37BC7 /* AnagramAppTests.swift */ = {isa = PBXFileReference; lastKnownFileType = sourcecode.swift; path = AnagramAppTests.swift; sourceTree = "<group>"; };
		7D0143582139898F00D37BC7 /* Info.plist */ = {isa = PBXFileReference; lastKnownFileType = text.plist.xml; path = Info.plist; sourceTree = "<group>"; };
		7D01435D2139898F00D37BC7 /* AnagramAppUITests.xctest */ = {isa = PBXFileReference; explicitFileType = wrapper.cfbundle; includeInIndex = 0; path = AnagramAppUITests.xctest; sourceTree = BUILT_PRODUCTS_DIR; };
		7D0143612139898F00D37BC7 /* AnagramAppUITests.swift */ = {isa = PBXFileReference; lastKnownFileType = sourcecode.swift; path = AnagramAppUITests.swift; sourceTree = "<group>"; };
		7D0143632139898F00D37BC7 /* Info.plist */ = {isa = PBXFileReference; lastKnownFileType = text.plist.xml; path = Info.plist; sourceTree = "<group>"; };
/* End PBXFileReference section */

/* Begin PBXFrameworksBuildPhase section */
		7D01433B2139898E00D37BC7 /* Frameworks */ = {
			isa = PBXFrameworksBuildPhase;
			buildActionMask = 2147483647;
			files = (
			);
			runOnlyForDeploymentPostprocessing = 0;
		};
		7D01434F2139898F00D37BC7 /* Frameworks */ = {
			isa = PBXFrameworksBuildPhase;
			buildActionMask = 2147483647;
			files = (
			);
			runOnlyForDeploymentPostprocessing = 0;
		};
		7D01435A2139898F00D37BC7 /* Frameworks */ = {
			isa = PBXFrameworksBuildPhase;
			buildActionMask = 2147483647;
			files = (
			);
			runOnlyForDeploymentPostprocessing = 0;
		};
/* End PBXFrameworksBuildPhase section */

/* Begin PBXGroup section */
		7D0143352139898E00D37BC7 = {
			isa = PBXGroup;
			children = (
				7D0143402139898E00D37BC7 /* AnagramApp */,
				7D0143552139898F00D37BC7 /* AnagramAppTests */,
				7D0143602139898F00D37BC7 /* AnagramAppUITests */,
				7D01433F2139898E00D37BC7 /* Products */,
			);
			sourceTree = "<group>";
		};
		7D01433F2139898E00D37BC7 /* Products */ = {
			isa = PBXGroup;
			children = (
				7D01433E2139898E00D37BC7 /* AnagramApp.app */,
				7D0143522139898F00D37BC7 /* AnagramAppTests.xctest */,
				7D01435D2139898F00D37BC7 /* AnagramAppUITests.xctest */,
			);
			name = Products;
			sourceTree = "<group>";
		};
		7D0143402139898E00D37BC7 /* AnagramApp */ = {
			isa = PBXGroup;
			children = (
				7D0143412139898E00D37BC7 /* AppDelegate.swift */,
				7D0143432139898E00D37BC7 /* ViewController.swift */,
				7D0143452139898E00D37BC7 /* Main.storyboard */,
				7D0143482139898E00D37BC7 /* Assets.xcassets */,
				7D01434A2139898E00D37BC7 /* LaunchScreen.storyboard */,
				7D01434D2139898E00D37BC7 /* Info.plist */,
			);
			path = AnagramApp;
			sourceTree = "<group>";
		};
		7D0143552139898F00D37BC7 /* AnagramAppTests */ = {
			isa = PBXGroup;
			children = (
				7D0143562139898F00D37BC7 /* AnagramAppTests.swift */,
				7D0143582139898F00D37BC7 /* Info.plist */,
			);
			path = AnagramAppTests;
			sourceTree = "<group>";
		};
		7D0143602139898F00D37BC7 /* AnagramAppUITests */ = {
			isa = PBXGroup;
			children = (
				7D0143612139898F00D37BC7 /* AnagramAppUITests.swift */,
				7D0143632139898F00D37BC7 /* Info.plist */,
			);
			path = AnagramAppUITests;
			sourceTree = "<group>";
		};
/* End PBXGroup section */

/* Begin PBXNativeTarget section */
		7D01433D2139898E00D37BC7 /* AnagramApp */ = {
			isa = PBXNativeTarget;
			buildConfigurationList = 7D0143662139898F00D37BC7 /* Build configuration list for PBXNativeTarget "AnagramApp" */;
			buildPhases = (
				7D01433A2139898E00D37BC7 /* Sources */,
				7D01433B2139898E00D37BC7 /* Frameworks */,
				7D01433C2139898E00D37BC7 /* Resources */,
			);
			buildRules = (
			);
			dependencies = (
			);
			name = AnagramApp;
			productName = AnagramApp;
			productReference = 7D01433E2139898E00D37BC7 /* AnagramApp.app */;
			productType = "com.apple.product-type.application";
		};
		7D0143512139898F00D37BC7 /* AnagramAppTests */ = {
			isa = PBXNativeTarget;
			buildConfigurationList = 7D0143692139898F00D37BC7 /* Build configuration list for PBXNativeTarget "AnagramAppTests" */;
			buildPhases = (
				7D01434E2139898F00D37BC7 /* Sources */,
				7D01434F2139898F00D37BC7 /* Frameworks */,
				7D0143502139898F00D37BC7 /* Resources */,
			);
			buildRules = (
			);
			dependencies = (
				7D0143542139898F00D37BC7 /* PBXTargetDependency */,
			);
			name = AnagramAppTests;
			productName = AnagramAppTests;
			productReference = 7D0143522139898F00D37BC7 /* AnagramAppTests.xctest */;
			productType = "com.apple.product-type.bundle.unit-test";
		};
		7D01435C2139898F00D37BC7 /* AnagramAppUITests */ = {
			isa = PBXNativeTarget;
			buildConfigurationList = 7D01436C2139898F00D37BC7 /* Build configuration list for PBXNativeTarget "AnagramAppUITests" */;
			buildPhases = (
				7D0143592139898F00D37BC7 /* Sources */,
				7D01435A2139898F00D37BC7 /* Frameworks */,
				7D01435B2139898F00D37BC7 /* Resources */,
			);
			buildRules = (
			);
			dependencies = (
				7D01435F2139898F00D37BC7 /* PBXTargetDependency */,
			);
			name = AnagramAppUITests;
			productName = AnagramAppUITests;
			productReference = 7D01435D2139898F00D37BC7 /* AnagramAppUITests.xctest */;
			productType = "com.apple.product-type.bundle.ui-testing";
		};
/* End PBXNativeTarget section */

/* Begin PBXProject section */
		7D0143362139898E00D37BC7 /* Project object */ = {
			isa = PBXProject;
			attributes = {
				LastSwiftUpdateCheck = 0940;
				LastUpgradeCheck = 0940;
				ORGANIZATIONNAME = "Mitchell Socia";
				TargetAttributes = {
					7D01433D2139898E00D37BC7 = {
						CreatedOnToolsVersion = 9.4.1;
					};
					7D0143512139898F00D37BC7 = {
						CreatedOnToolsVersion = 9.4.1;
						TestTargetID = 7D01433D2139898E00D37BC7;
					};
					7D01435C2139898F00D37BC7 = {
						CreatedOnToolsVersion = 9.4.1;
						TestTargetID = 7D01433D2139898E00D37BC7;
					};
				};
			};
			buildConfigurationList = 7D0143392139898E00D37BC7 /* Build configuration list for PBXProject "AnagramApp" */;
			compatibilityVersion = "Xcode 9.3";
			developmentRegion = en;
			hasScannedForEncodings = 0;
			knownRegions = (
				en,
				Base,
			);
			mainGroup = 7D0143352139898E00D37BC7;
			productRefGroup = 7D01433F2139898E00D37BC7 /* Products */;
			projectDirPath = "";
			projectRoot = "";
			targets = (
				7D01433D2139898E00D37BC7 /* AnagramApp */,
				7D0143512139898F00D37BC7 /* AnagramAppTests */,
				7D01435C2139898F00D37BC7 /* AnagramAppUITests */,
			);
		};
/* End PBXProject section */

/* Begin PBXResourcesBuildPhase section */
		7D01433C2139898E00D37BC7 /* Resources */ = {
			isa = PBXResourcesBuildPhase;
			buildActionMask = 2147483647;
			files = (
				7D01434C2139898E00D37BC7 /* LaunchScreen.storyboard in Resources */,
				7D0143492139898E00D37BC7 /* Assets.xcassets in Resources */,
				7D0143472139898E00D37BC7 /* Main.storyboard in Resources */,
			);
			runOnlyForDeploymentPostprocessing = 0;
		};
		7D0143502139898F00D37BC7 /* Resources */ = {
			isa = PBXResourcesBuildPhase;
			buildActionMask = 2147483647;
			files = (
			);
			runOnlyForDeploymentPostprocessing = 0;
		};
		7D01435B2139898F00D37BC7 /* Resources */ = {
			isa = PBXResourcesBuildPhase;
			buildActionMask = 2147483647;
			files = (
			);
			runOnlyForDeploymentPostprocessing = 0;
		};
/* End PBXResourcesBuildPhase section */

/* Begin PBXSourcesBuildPhase section */
		7D01433A2139898E00D37BC7 /* Sources */ = {
			isa = PBXSourcesBuildPhase;
			buildActionMask = 2147483647;
			files = (
				7D0143442139898E00D37BC7 /* ViewController.swift in Sources */,
				7D0143422139898E00D37BC7 /* AppDelegate.swift in Sources */,
			);
			runOnlyForDeploymentPostprocessing = 0;
		};
		7D01434E2139898F00D37BC7 /* Sources */ = {
			isa = PBXSourcesBuildPhase;
			buildActionMask = 2147483647;
			files = (
				7D0143572139898F00D37BC7 /* AnagramAppTests.swift in Sources */,
			);
			runOnlyForDeploymentPostprocessing = 0;
		};
		7D0143592139898F00D37BC7 /* Sources */ = {
			isa = PBXSourcesBuildPhase;
			buildActionMask = 2147483647;
			files = (
				7D0143622139898F00D37BC7 /* AnagramAppUITests.swift in Sources */,
			);
			runOnlyForDeploymentPostprocessing = 0;
		};
/* End PBXSourcesBuildPhase section */

/* Begin PBXTargetDependency section */
		7D0143542139898F00D37BC7 /* PBXTargetDependency */ = {
			isa = PBXTargetDependency;
			target = 7D01433D2139898E00D37BC7 /* AnagramApp */;
			targetProxy = 7D0143532139898F00D37BC7 /* PBXContainerItemProxy */;
		};
		7D01435F2139898F00D37BC7 /* PBXTargetDependency */ = {
			isa = PBXTargetDependency;
			target = 7D01433D2139898E00D37BC7 /* AnagramApp */;
			targetProxy = 7D01435E2139898F00D37BC7 /* PBXContainerItemProxy */;
		};
/* End PBXTargetDependency section */

/* Begin PBXVariantGroup section */
		7D0143452139898E00D37BC7 /* Main.storyboard */ = {
			isa = PBXVariantGroup;
			children = (
				7D0143462139898E00D37BC7 /* Base */,
			);
			name = Main.storyboard;
			sourceTree = "<group>";
		};
		7D01434A2139898E00D37BC7 /* LaunchScreen.storyboard */ = {
			isa = PBXVariantGroup;
			children = (
				7D01434B2139898E00D37BC7 /* Base */,
			);
			name = LaunchScreen.storyboard;
			sourceTree = "<group>";
		};
/* End PBXVariantGroup section */

/* Begin XCBuildConfiguration section */
		7D0143642139898F00D37BC7 /* Debug */ = {
			isa = XCBuildConfiguration;
			buildSettings = {
				ALWAYS_SEARCH_USER_PATHS = NO;
				CLANG_ANALYZER_NONNULL = YES;
				CLANG_ANALYZER_NUMBER_OBJECT_CONVERSION = YES_AGGRESSIVE;
				CLANG_CXX_LANGUAGE_STANDARD = "gnu++14";
				CLANG_CXX_LIBRARY = "libc++";
				CLANG_ENABLE_MODULES = YES;
				CLANG_ENABLE_OBJC_ARC = YES;
				CLANG_ENABLE_OBJC_WEAK = YES;
				CLANG_WARN_BLOCK_CAPTURE_AUTORELEASING = YES;
				CLANG_WARN_BOOL_CONVERSION = YES;
				CLANG_WARN_COMMA = YES;
				CLANG_WARN_CONSTANT_CONVERSION = YES;
				CLANG_WARN_DEPRECATED_OBJC_IMPLEMENTATIONS = YES;
				CLANG_WARN_DIRECT_OBJC_ISA_USAGE = YES_ERROR;
				CLANG_WARN_DOCUMENTATION_COMMENTS = YES;
				CLANG_WARN_EMPTY_BODY = YES;
				CLANG_WARN_ENUM_CONVERSION = YES;
				CLANG_WARN_INFINITE_RECURSION = YES;
				CLANG_WARN_INT_CONVERSION = YES;
				CLANG_WARN_NON_LITERAL_NULL_CONVERSION = YES;
				CLANG_WARN_OBJC_IMPLICIT_RETAIN_SELF = YES;
				CLANG_WARN_OBJC_LITERAL_CONVERSION = YES;
				CLANG_WARN_OBJC_ROOT_CLASS = YES_ERROR;
				CLANG_WARN_RANGE_LOOP_ANALYSIS = YES;
				CLANG_WARN_STRICT_PROTOTYPES = YES;
				CLANG_WARN_SUSPICIOUS_MOVE = YES;
				CLANG_WARN_UNGUARDED_AVAILABILITY = YES_AGGRESSIVE;
				CLANG_WARN_UNREACHABLE_CODE = YES;
				CLANG_WARN__DUPLICATE_METHOD_MATCH = YES;
				CODE_SIGN_IDENTITY = "iPhone Developer";
				COPY_PHASE_STRIP = NO;
				DEBUG_INFORMATION_FORMAT = dwarf;
				ENABLE_STRICT_OBJC_MSGSEND = YES;
				ENABLE_TESTABILITY = YES;
				GCC_C_LANGUAGE_STANDARD = gnu11;
				GCC_DYNAMIC_NO_PIC = NO;
				GCC_NO_COMMON_BLOCKS = YES;
				GCC_OPTIMIZATION_LEVEL = 0;
				GCC_PREPROCESSOR_DEFINITIONS = (
					"DEBUG=1",
					"$(inherited)",
				);
				GCC_WARN_64_TO_32_BIT_CONVERSION = YES;
				GCC_WARN_ABOUT_RETURN_TYPE = YES_ERROR;
				GCC_WARN_UNDECLARED_SELECTOR = YES;
				GCC_WARN_UNINITIALIZED_AUTOS = YES_AGGRESSIVE;
				GCC_WARN_UNUSED_FUNCTION = YES;
				GCC_WARN_UNUSED_VARIABLE = YES;
				IPHONEOS_DEPLOYMENT_TARGET = 11.4;
				MTL_ENABLE_DEBUG_INFO = YES;
				ONLY_ACTIVE_ARCH = YES;
				SDKROOT = iphoneos;
				SWIFT_ACTIVE_COMPILATION_CONDITIONS = DEBUG;
				SWIFT_OPTIMIZATION_LEVEL = "-Onone";
			};
			name = Debug;
		};
		7D0143652139898F00D37BC7 /* Release */ = {
			isa = XCBuildConfiguration;
			buildSettings = {
				ALWAYS_SEARCH_USER_PATHS = NO;
				CLANG_ANALYZER_NONNULL = YES;
				CLANG_ANALYZER_NUMBER_OBJECT_CONVERSION = YES_AGGRESSIVE;
				CLANG_CXX_LANGUAGE_STANDARD = "gnu++14";
				CLANG_CXX_LIBRARY = "libc++";
				CLANG_ENABLE_MODULES = YES;
				CLANG_ENABLE_OBJC_ARC = YES;
				CLANG_ENABLE_OBJC_WEAK = YES;
				CLANG_WARN_BLOCK_CAPTURE_AUTORELEASING = YES;
				CLANG_WARN_BOOL_CONVERSION = YES;
				CLANG_WARN_COMMA = YES;
				CLANG_WARN_CONSTANT_CONVERSION = YES;
				CLANG_WARN_DEPRECATED_OBJC_IMPLEMENTATIONS = YES;
				CLANG_WARN_DIRECT_OBJC_ISA_USAGE = YES_ERROR;
				CLANG_WARN_DOCUMENTATION_COMMENTS = YES;
				CLANG_WARN_EMPTY_BODY = YES;
				CLANG_WARN_ENUM_CONVERSION = YES;
				CLANG_WARN_INFINITE_RECURSION = YES;
				CLANG_WARN_INT_CONVERSION = YES;
				CLANG_WARN_NON_LITERAL_NULL_CONVERSION = YES;
				CLANG_WARN_OBJC_IMPLICIT_RETAIN_SELF = YES;
				CLANG_WARN_OBJC_LITERAL_CONVERSION = YES;
				CLANG_WARN_OBJC_ROOT_CLASS = YES_ERROR;
				CLANG_WARN_RANGE_LOOP_ANALYSIS = YES;
				CLANG_WARN_STRICT_PROTOTYPES = YES;
				CLANG_WARN_SUSPICIOUS_MOVE = YES;
				CLANG_WARN_UNGUARDED_AVAILABILITY = YES_AGGRESSIVE;
				CLANG_WARN_UNREACHABLE_CODE = YES;
				CLANG_WARN__DUPLICATE_METHOD_MATCH = YES;
				CODE_SIGN_IDENTITY = "iPhone Developer";
				COPY_PHASE_STRIP = NO;
				DEBUG_INFORMATION_FORMAT = "dwarf-with-dsym";
				ENABLE_NS_ASSERTIONS = NO;
				ENABLE_STRICT_OBJC_MSGSEND = YES;
				GCC_C_LANGUAGE_STANDARD = gnu11;
				GCC_NO_COMMON_BLOCKS = YES;
				GCC_WARN_64_TO_32_BIT_CONVERSION = YES;
				GCC_WARN_ABOUT_RETURN_TYPE = YES_ERROR;
				GCC_WARN_UNDECLARED_SELECTOR = YES;
				GCC_WARN_UNINITIALIZED_AUTOS = YES_AGGRESSIVE;
				GCC_WARN_UNUSED_FUNCTION = YES;
				GCC_WARN_UNUSED_VARIABLE = YES;
				IPHONEOS_DEPLOYMENT_TARGET = 11.4;
				MTL_ENABLE_DEBUG_INFO = NO;
				SDKROOT = iphoneos;
				SWIFT_COMPILATION_MODE = wholemodule;
				SWIFT_OPTIMIZATION_LEVEL = "-O";
				VALIDATE_PRODUCT = YES;
			};
			name = Release;
		};
		7D0143672139898F00D37BC7 /* Debug */ = {
			isa = XCBuildConfiguration;
			buildSettings = {
				ASSETCATALOG_COMPILER_APPICON_NAME = AppIcon;
				CODE_SIGN_STYLE = Automatic;
				INFOPLIST_FILE = AnagramApp/Info.plist;
				LD_RUNPATH_SEARCH_PATHS = (
					"$(inherited)",
					"@executable_path/Frameworks",
				);
				PRODUCT_BUNDLE_IDENTIFIER = com.detroitlabs.AnagramApp;
				PRODUCT_NAME = "$(TARGET_NAME)";
				SWIFT_VERSION = 4.0;
				TARGETED_DEVICE_FAMILY = "1,2";
			};
			name = Debug;
		};
		7D0143682139898F00D37BC7 /* Release */ = {
			isa = XCBuildConfiguration;
			buildSettings = {
				ASSETCATALOG_COMPILER_APPICON_NAME = AppIcon;
				CODE_SIGN_STYLE = Automatic;
				INFOPLIST_FILE = AnagramApp/Info.plist;
				LD_RUNPATH_SEARCH_PATHS = (
					"$(inherited)",
					"@executable_path/Frameworks",
				);
				PRODUCT_BUNDLE_IDENTIFIER = com.detroitlabs.AnagramApp;
				PRODUCT_NAME = "$(TARGET_NAME)";
				SWIFT_VERSION = 4.0;
				TARGETED_DEVICE_FAMILY = "1,2";
			};
			name = Release;
		};
		7D01436A2139898F00D37BC7 /* Debug */ = {
			isa = XCBuildConfiguration;
			buildSettings = {
				ALWAYS_EMBED_SWIFT_STANDARD_LIBRARIES = YES;
				BUNDLE_LOADER = "$(TEST_HOST)";
				CODE_SIGN_STYLE = Automatic;
				INFOPLIST_FILE = AnagramAppTests/Info.plist;
				LD_RUNPATH_SEARCH_PATHS = (
					"$(inherited)",
					"@executable_path/Frameworks",
					"@loader_path/Frameworks",
				);
				PRODUCT_BUNDLE_IDENTIFIER = com.detroitlabs.AnagramAppTests;
				PRODUCT_NAME = "$(TARGET_NAME)";
				SWIFT_VERSION = 4.0;
				TARGETED_DEVICE_FAMILY = "1,2";
				TEST_HOST = "$(BUILT_PRODUCTS_DIR)/AnagramApp.app/AnagramApp";
			};
			name = Debug;
		};
		7D01436B2139898F00D37BC7 /* Release */ = {
			isa = XCBuildConfiguration;
			buildSettings = {
				ALWAYS_EMBED_SWIFT_STANDARD_LIBRARIES = YES;
				BUNDLE_LOADER = "$(TEST_HOST)";
				CODE_SIGN_STYLE = Automatic;
				INFOPLIST_FILE = AnagramAppTests/Info.plist;
				LD_RUNPATH_SEARCH_PATHS = (
					"$(inherited)",
					"@executable_path/Frameworks",
					"@loader_path/Frameworks",
				);
				PRODUCT_BUNDLE_IDENTIFIER = com.detroitlabs.AnagramAppTests;
				PRODUCT_NAME = "$(TARGET_NAME)";
				SWIFT_VERSION = 4.0;
				TARGETED_DEVICE_FAMILY = "1,2";
				TEST_HOST = "$(BUILT_PRODUCTS_DIR)/AnagramApp.app/AnagramApp";
			};
			name = Release;
		};
		7D01436D2139898F00D37BC7 /* Debug */ = {
			isa = XCBuildConfiguration;
			buildSettings = {
				ALWAYS_EMBED_SWIFT_STANDARD_LIBRARIES = YES;
				CODE_SIGN_STYLE = Automatic;
				INFOPLIST_FILE = AnagramAppUITests/Info.plist;
				LD_RUNPATH_SEARCH_PATHS = (
					"$(inherited)",
					"@executable_path/Frameworks",
					"@loader_path/Frameworks",
				);
				PRODUCT_BUNDLE_IDENTIFIER = com.detroitlabs.AnagramAppUITests;
				PRODUCT_NAME = "$(TARGET_NAME)";
				SWIFT_VERSION = 4.0;
				TARGETED_DEVICE_FAMILY = "1,2";
				TEST_TARGET_NAME = AnagramApp;
			};
			name = Debug;
		};
		7D01436E2139898F00D37BC7 /* Release */ = {
			isa = XCBuildConfiguration;
			buildSettings = {
				ALWAYS_EMBED_SWIFT_STANDARD_LIBRARIES = YES;
				CODE_SIGN_STYLE = Automatic;
				INFOPLIST_FILE = AnagramAppUITests/Info.plist;
				LD_RUNPATH_SEARCH_PATHS = (
					"$(inherited)",
					"@executable_path/Frameworks",
					"@loader_path/Frameworks",
				);
				PRODUCT_BUNDLE_IDENTIFIER = com.detroitlabs.AnagramAppUITests;
				PRODUCT_NAME = "$(TARGET_NAME)";
				SWIFT_VERSION = 4.0;
				TARGETED_DEVICE_FAMILY = "1,2";
				TEST_TARGET_NAME = AnagramApp;
			};
			name = Release;
		};
/* End XCBuildConfiguration section */

/* Begin XCConfigurationList section */
		7D0143392139898E00D37BC7 /* Build configuration list for PBXProject "AnagramApp" */ = {
			isa = XCConfigurationList;
			buildConfigurations = (
				7D0143642139898F00D37BC7 /* Debug */,
				7D0143652139898F00D37BC7 /* Release */,
			);
			defaultConfigurationIsVisible = 0;
			defaultConfigurationName = Release;
		};
		7D0143662139898F00D37BC7 /* Build configuration list for PBXNativeTarget "AnagramApp" */ = {
			isa = XCConfigurationList;
			buildConfigurations = (
				7D0143672139898F00D37BC7 /* Debug */,
				7D0143682139898F00D37BC7 /* Release */,
			);
			defaultConfigurationIsVisible = 0;
			defaultConfigurationName = Release;
		};
		7D0143692139898F00D37BC7 /* Build configuration list for PBXNativeTarget "AnagramAppTests" */ = {
			isa = XCConfigurationList;
			buildConfigurations = (
				7D01436A2139898F00D37BC7 /* Debug */,
				7D01436B2139898F00D37BC7 /* Release */,
			);
			defaultConfigurationIsVisible = 0;
			defaultConfigurationName = Release;
		};
		7D01436C2139898F00D37BC7 /* Build configuration list for PBXNativeTarget "AnagramAppUITests" */ = {
			isa = XCConfigurationList;
			buildConfigurations = (
				7D01436D2139898F00D37BC7 /* Debug */,
				7D01436E2139898F00D37BC7 /* Release */,
			);
			defaultConfigurationIsVisible = 0;
			defaultConfigurationName = Release;
		};
/* End XCConfigurationList section */
	};
	rootObject = 7D0143362139898E00D37BC7 /* Project object */;
}
